PODS:
  - Alamofire (4.7.1)
  - CWStatusBarNotification (2.3.5)
  - IDMCore (2.6.1)
  - IDMFoundation (1.2.0):
    - Alamofire
    - CWStatusBarNotification
    - IDMCore
    - MBProgressHUD
    - ObjectMapper
    - Reachability
    - SiFUtilities
    - "UIImage+FixOrientation"
  - MBProgressHUD (1.1.0)
  - ObjectMapper (3.1.0)
  - Reachability (3.2)
  - SiFUtilities (3.9.2)
  - Swinject (2.4.0)
  - SwinjectAutoregistration (2.1.1):
    - Swinject (~> 2.1)
  - SwinjectStoryboard (1.2.1):
    - Swinject (~> 2.3)
  - "UIImage+FixOrientation (1.0.0)"

DEPENDENCIES:
  - IDMFoundation (from `../`)
  - Swinject
  - SwinjectAutoregistration
  - SwinjectStoryboard

SPEC REPOS:
  https://github.com/CocoaPods/Specs.git:
    - Alamofire
    - CWStatusBarNotification
    - IDMCore
    - MBProgressHUD
    - ObjectMapper
    - Reachability
    - SiFUtilities
    - Swinject
    - SwinjectAutoregistration
    - SwinjectStoryboard
    - "UIImage+FixOrientation"

EXTERNAL SOURCES:
  IDMFoundation:
    :path: "../"

SPEC CHECKSUMS:
  Alamofire: 68d7d521118d49c615a8d2214d87cdf525599d30
  CWStatusBarNotification: 3d2738b25c3207f60cc50201388d3c96182545ff
  IDMCore: 138ff7aec4483826978a6e82b7f96c7bc96a909f
  IDMFoundation: 512f7b12a0d2d611c94f03c8588bbccd5d17f3ae
  MBProgressHUD: e7baa36a220447d8aeb12769bf0585582f3866d9
  ObjectMapper: 20505058f54e5c3ca69e1d6de9897d152a5369a6
  Reachability: 33e18b67625424e47b6cde6d202dce689ad7af96
  SiFUtilities: 2b176f0b63f1a0003b1e86cac3ce6a434c43d7b8
  Swinject: a1364b0f66c2736bb03c1c7cab54809e16df25da
  SwinjectAutoregistration: d06b56bd8f912b9fb9c59c15181342558a734b1b
  SwinjectStoryboard: de60d1d30fbf442fe90fc5c31d9fff89cf3ef64f
  "UIImage+FixOrientation": 6889ce14a2761462c22d6f92d26685db79a0c9b2

PODFILE CHECKSUM: 2420f1ba69646687d7b961c14eeb07696263660c

COCOAPODS: 1.5.0
