// !$*UTF8*$!
{
	archiveVersion = 1;
	classes = {
	};
	objectVersion = 46;
	objects = {

/* Begin PBXBuildFile section */
		0A1A27D322028C71000C264D /* Network++.swift in Sources */ = {isa = PBXBuildFile; fileRef = 0A1A27D222028C71000C264D /* Network++.swift */; };
		0A1A28252203E3BF000C264D /* SearchUserArrayController.swift in Sources */ = {isa = PBXBuildFile; fileRef = 0A1A28242203E3BF000C264D /* SearchUserArrayController.swift */; };
		0A1A28272203E3F3000C264D /* SearchUserTableViewCell.swift in Sources */ = {isa = PBXBuildFile; fileRef = 0A1A28262203E3F3000C264D /* SearchUserTableViewCell.swift */; };
		0A1A282C2204814D000C264D /* SearchUserExtensions.swift in Sources */ = {isa = PBXBuildFile; fileRef = 0A1A282B2204814D000C264D /* SearchUserExtensions.swift */; };
		0A1A86F622507CA8002225DA /* SearchUserNavigationView.swift in Sources */ = {isa = PBXBuildFile; fileRef = 0A1A86F522507CA7002225DA /* SearchUserNavigationView.swift */; };
		0A3A113B222843220007C0EE /* SearchUserView.swift in Sources */ = {isa = PBXBuildFile; fileRef = 0A3A113A222843220007C0EE /* SearchUserView.swift */; };
		0A3A113D2228EF850007C0EE /* SearchUserView.xib in Resources */ = {isa = PBXBuildFile; fileRef = 0A3A113C2228EF850007C0EE /* SearchUserView.xib */; };
		0A5A08AF21FDA711009D7309 /* GitHubEndpoint.swift in Sources */ = {isa = PBXBuildFile; fileRef = 0A5A08AE21FDA711009D7309 /* GitHubEndpoint.swift */; };
		0A5A08B121FDA7BA009D7309 /* NetworkRoutes.swift in Sources */ = {isa = PBXBuildFile; fileRef = 0A5A08B021FDA7BA009D7309 /* NetworkRoutes.swift */; };
		0A5A08B721FDA847009D7309 /* SearchUserMapper.swift in Sources */ = {isa = PBXBuildFile; fileRef = 0A5A08B221FDA847009D7309 /* SearchUserMapper.swift */; };
		0A5A08B821FDA847009D7309 /* SearchUserIntegrating.swift in Sources */ = {isa = PBXBuildFile; fileRef = 0A5A08B321FDA847009D7309 /* SearchUserIntegrating.swift */; };
		0A5A08B921FDA847009D7309 /* SearchUserDefinitions.swift in Sources */ = {isa = PBXBuildFile; fileRef = 0A5A08B421FDA847009D7309 /* SearchUserDefinitions.swift */; };
		0A5A08BA21FDA847009D7309 /* SearchUserDataProvider.swift in Sources */ = {isa = PBXBuildFile; fileRef = 0A5A08B521FDA847009D7309 /* SearchUserDataProvider.swift */; };
		0A5A08BB21FDA847009D7309 /* SearchUserIntegratorFactory.swift in Sources */ = {isa = PBXBuildFile; fileRef = 0A5A08B621FDA847009D7309 /* SearchUserIntegratorFactory.swift */; };
		0A5A08C321FDAADC009D7309 /* SearchUserPresenter.swift in Sources */ = {isa = PBXBuildFile; fileRef = 0A5A08BF21FDAADC009D7309 /* SearchUserPresenter.swift */; };
		0A5A08C421FDAADC009D7309 /* SearchUserRouter.swift in Sources */ = {isa = PBXBuildFile; fileRef = 0A5A08C021FDAADC009D7309 /* SearchUserRouter.swift */; };
		0A5A08C521FDAADC009D7309 /* SearchUserViewController.swift in Sources */ = {isa = PBXBuildFile; fileRef = 0A5A08C121FDAADC009D7309 /* SearchUserViewController.swift */; };
		0A5A08E021FDAD90009D7309 /* SearchUserBuilder.swift in Sources */ = {isa = PBXBuildFile; fileRef = 0A5A08DF21FDAD90009D7309 /* SearchUserBuilder.swift */; };
		0A5A08E621FDB3E8009D7309 /* SearchUserProtocols.swift in Sources */ = {isa = PBXBuildFile; fileRef = 0A5A08E521FDB3E8009D7309 /* SearchUserProtocols.swift */; };
		0A5A08EB21FDB876009D7309 /* UIViewController++.swift in Sources */ = {isa = PBXBuildFile; fileRef = 0A5A08EA21FDB876009D7309 /* UIViewController++.swift */; };
		0A5A08F021FDC256009D7309 /* SearchUserModel.swift in Sources */ = {isa = PBXBuildFile; fileRef = 0A5A08EF21FDC256009D7309 /* SearchUserModel.swift */; };
		0A75EF82222A80150062D85A /* SearchUserTableViewCell.xib in Resources */ = {isa = PBXBuildFile; fileRef = 0A75EF81222A80150062D85A /* SearchUserTableViewCell.xib */; };
		0A75EF95222A8A520062D85A /* Services.swift in Sources */ = {isa = PBXBuildFile; fileRef = 0A75EF94222A8A520062D85A /* Services.swift */; };
		0A75F088222AD48F0062D85A /* MainPresenter.swift in Sources */ = {isa = PBXBuildFile; fileRef = 0A75F080222AD48F0062D85A /* MainPresenter.swift */; };
		0A75F089222AD48F0062D85A /* MainRouter.swift in Sources */ = {isa = PBXBuildFile; fileRef = 0A75F081222AD48F0062D85A /* MainRouter.swift */; };
		0A75F08A222AD48F0062D85A /* MainViewController.swift in Sources */ = {isa = PBXBuildFile; fileRef = 0A75F082222AD48F0062D85A /* MainViewController.swift */; };
		0A75F08B222AD48F0062D85A /* MainProtocols.swift in Sources */ = {isa = PBXBuildFile; fileRef = 0A75F083222AD48F0062D85A /* MainProtocols.swift */; };
		0A75F08C222AD48F0062D85A /* MainBuilder.swift in Sources */ = {isa = PBXBuildFile; fileRef = 0A75F084222AD48F0062D85A /* MainBuilder.swift */; };
		0A75F08D222AD48F0062D85A /* MainExtensions.swift in Sources */ = {isa = PBXBuildFile; fileRef = 0A75F085222AD48F0062D85A /* MainExtensions.swift */; };
		0A75F08E222AD48F0062D85A /* MainView.swift in Sources */ = {isa = PBXBuildFile; fileRef = 0A75F086222AD48F0062D85A /* MainView.swift */; };
		0A75F095222AD5B20062D85A /* MainView.xib in Resources */ = {isa = PBXBuildFile; fileRef = 0A75F094222AD5B20062D85A /* MainView.xib */; };
		0AC911C7224352CF00B9FD24 /* SearchUserExternalActions.swift in Sources */ = {isa = PBXBuildFile; fileRef = 0AC911C6224352CF00B9FD24 /* SearchUserExternalActions.swift */; };
		0AE85128224A7968000C92F9 /* SearchUserInternalActions.swift in Sources */ = {isa = PBXBuildFile; fileRef = 0AE85127224A7968000C92F9 /* SearchUserInternalActions.swift */; };
		203487B82077D8CB0033D4FA /* CHANGELOG.md in Resources */ = {isa = PBXBuildFile; fileRef = 203487B72077D8CB0033D4FA /* CHANGELOG.md */; };
		607FACD61AFB9204008FA782 /* AppDelegate.swift in Sources */ = {isa = PBXBuildFile; fileRef = 607FACD51AFB9204008FA782 /* AppDelegate.swift */; };
		607FACDD1AFB9204008FA782 /* Images.xcassets in Resources */ = {isa = PBXBuildFile; fileRef = 607FACDC1AFB9204008FA782 /* Images.xcassets */; };
		607FACE01AFB9204008FA782 /* LaunchScreen.xib in Resources */ = {isa = PBXBuildFile; fileRef = 607FACDE1AFB9204008FA782 /* LaunchScreen.xib */; };
		77D4048CA107A00FBA8FADA0 /* Pods_IDMFoundation_Example.framework in Frameworks */ = {isa = PBXBuildFile; fileRef = 7BB7E05AA47704F636DD18F0 /* Pods_IDMFoundation_Example.framework */; };
/* End PBXBuildFile section */

/* Begin PBXFileReference section */
		0A1A27D222028C71000C264D /* Network++.swift */ = {isa = PBXFileReference; lastKnownFileType = sourcecode.swift; path = "Network++.swift"; sourceTree = "<group>"; };
		0A1A28242203E3BF000C264D /* SearchUserArrayController.swift */ = {isa = PBXFileReference; fileEncoding = 4; lastKnownFileType = sourcecode.swift; path = SearchUserArrayController.swift; sourceTree = "<group>"; };
		0A1A28262203E3F3000C264D /* SearchUserTableViewCell.swift */ = {isa = PBXFileReference; lastKnownFileType = sourcecode.swift; path = SearchUserTableViewCell.swift; sourceTree = "<group>"; };
		0A1A282B2204814D000C264D /* SearchUserExtensions.swift */ = {isa = PBXFileReference; lastKnownFileType = sourcecode.swift; path = SearchUserExtensions.swift; sourceTree = "<group>"; };
		0A1A86F522507CA7002225DA /* SearchUserNavigationView.swift */ = {isa = PBXFileReference; fileEncoding = 4; lastKnownFileType = sourcecode.swift; path = SearchUserNavigationView.swift; sourceTree = "<group>"; };
		0A3A113A222843220007C0EE /* SearchUserView.swift */ = {isa = PBXFileReference; lastKnownFileType = sourcecode.swift; path = SearchUserView.swift; sourceTree = "<group>"; };
		0A3A113C2228EF850007C0EE /* SearchUserView.xib */ = {isa = PBXFileReference; lastKnownFileType = file.xib; path = SearchUserView.xib; sourceTree = "<group>"; };
		0A5A08AE21FDA711009D7309 /* GitHubEndpoint.swift */ = {isa = PBXFileReference; lastKnownFileType = sourcecode.swift; path = GitHubEndpoint.swift; sourceTree = "<group>"; };
		0A5A08B021FDA7BA009D7309 /* NetworkRoutes.swift */ = {isa = PBXFileReference; lastKnownFileType = sourcecode.swift; path = NetworkRoutes.swift; sourceTree = "<group>"; };
		0A5A08B221FDA847009D7309 /* SearchUserMapper.swift */ = {isa = PBXFileReference; lastKnownFileType = sourcecode.swift; path = SearchUserMapper.swift; sourceTree = "<group>"; };
		0A5A08B321FDA847009D7309 /* SearchUserIntegrating.swift */ = {isa = PBXFileReference; lastKnownFileType = sourcecode.swift; path = SearchUserIntegrating.swift; sourceTree = "<group>"; };
		0A5A08B421FDA847009D7309 /* SearchUserDefinitions.swift */ = {isa = PBXFileReference; lastKnownFileType = sourcecode.swift; path = SearchUserDefinitions.swift; sourceTree = "<group>"; };
		0A5A08B521FDA847009D7309 /* SearchUserDataProvider.swift */ = {isa = PBXFileReference; lastKnownFileType = sourcecode.swift; path = SearchUserDataProvider.swift; sourceTree = "<group>"; };
		0A5A08B621FDA847009D7309 /* SearchUserIntegratorFactory.swift */ = {isa = PBXFileReference; lastKnownFileType = sourcecode.swift; path = SearchUserIntegratorFactory.swift; sourceTree = "<group>"; };
		0A5A08BF21FDAADC009D7309 /* SearchUserPresenter.swift */ = {isa = PBXFileReference; lastKnownFileType = sourcecode.swift; path = SearchUserPresenter.swift; sourceTree = "<group>"; };
		0A5A08C021FDAADC009D7309 /* SearchUserRouter.swift */ = {isa = PBXFileReference; lastKnownFileType = sourcecode.swift; path = SearchUserRouter.swift; sourceTree = "<group>"; };
		0A5A08C121FDAADC009D7309 /* SearchUserViewController.swift */ = {isa = PBXFileReference; lastKnownFileType = sourcecode.swift; path = SearchUserViewController.swift; sourceTree = "<group>"; };
		0A5A08DF21FDAD90009D7309 /* SearchUserBuilder.swift */ = {isa = PBXFileReference; lastKnownFileType = sourcecode.swift; path = SearchUserBuilder.swift; sourceTree = "<group>"; };
		0A5A08E521FDB3E8009D7309 /* SearchUserProtocols.swift */ = {isa = PBXFileReference; lastKnownFileType = sourcecode.swift; path = SearchUserProtocols.swift; sourceTree = "<group>"; };
		0A5A08EA21FDB876009D7309 /* UIViewController++.swift */ = {isa = PBXFileReference; lastKnownFileType = sourcecode.swift; path = "UIViewController++.swift"; sourceTree = "<group>"; };
		0A5A08EF21FDC256009D7309 /* SearchUserModel.swift */ = {isa = PBXFileReference; lastKnownFileType = sourcecode.swift; path = SearchUserModel.swift; sourceTree = "<group>"; };
		0A75EF81222A80150062D85A /* SearchUserTableViewCell.xib */ = {isa = PBXFileReference; lastKnownFileType = file.xib; path = SearchUserTableViewCell.xib; sourceTree = "<group>"; };
		0A75EF94222A8A520062D85A /* Services.swift */ = {isa = PBXFileReference; lastKnownFileType = sourcecode.swift; path = Services.swift; sourceTree = "<group>"; };
		0A75F080222AD48F0062D85A /* MainPresenter.swift */ = {isa = PBXFileReference; lastKnownFileType = sourcecode.swift; path = MainPresenter.swift; sourceTree = "<group>"; };
		0A75F081222AD48F0062D85A /* MainRouter.swift */ = {isa = PBXFileReference; lastKnownFileType = sourcecode.swift; path = MainRouter.swift; sourceTree = "<group>"; };
		0A75F082222AD48F0062D85A /* MainViewController.swift */ = {isa = PBXFileReference; lastKnownFileType = sourcecode.swift; path = MainViewController.swift; sourceTree = "<group>"; };
		0A75F083222AD48F0062D85A /* MainProtocols.swift */ = {isa = PBXFileReference; lastKnownFileType = sourcecode.swift; path = MainProtocols.swift; sourceTree = "<group>"; };
		0A75F084222AD48F0062D85A /* MainBuilder.swift */ = {isa = PBXFileReference; lastKnownFileType = sourcecode.swift; path = MainBuilder.swift; sourceTree = "<group>"; };
		0A75F085222AD48F0062D85A /* MainExtensions.swift */ = {isa = PBXFileReference; lastKnownFileType = sourcecode.swift; path = MainExtensions.swift; sourceTree = "<group>"; };
		0A75F086222AD48F0062D85A /* MainView.swift */ = {isa = PBXFileReference; lastKnownFileType = sourcecode.swift; path = MainView.swift; sourceTree = "<group>"; };
		0A75F094222AD5B20062D85A /* MainView.xib */ = {isa = PBXFileReference; lastKnownFileType = file.xib; path = MainView.xib; sourceTree = "<group>"; };
		0AC911C6224352CF00B9FD24 /* SearchUserExternalActions.swift */ = {isa = PBXFileReference; lastKnownFileType = sourcecode.swift; path = SearchUserExternalActions.swift; sourceTree = "<group>"; };
		0AE85127224A7968000C92F9 /* SearchUserInternalActions.swift */ = {isa = PBXFileReference; lastKnownFileType = sourcecode.swift; path = SearchUserInternalActions.swift; sourceTree = "<group>"; };
		203487B72077D8CB0033D4FA /* CHANGELOG.md */ = {isa = PBXFileReference; fileEncoding = 4; lastKnownFileType = net.daringfireball.markdown; name = CHANGELOG.md; path = ../CHANGELOG.md; sourceTree = "<group>"; };
		2110C647574A8E665A44A819 /* Pods-IDMFoundation_Example.release.xcconfig */ = {isa = PBXFileReference; includeInIndex = 1; lastKnownFileType = text.xcconfig; name = "Pods-IDMFoundation_Example.release.xcconfig"; path = "Target Support Files/Pods-IDMFoundation_Example/Pods-IDMFoundation_Example.release.xcconfig"; sourceTree = "<group>"; };
		461D6D91D16FEB4BF94A18B1 /* Pods-IDMFoundation_Example.debug.xcconfig */ = {isa = PBXFileReference; includeInIndex = 1; lastKnownFileType = text.xcconfig; name = "Pods-IDMFoundation_Example.debug.xcconfig"; path = "Target Support Files/Pods-IDMFoundation_Example/Pods-IDMFoundation_Example.debug.xcconfig"; sourceTree = "<group>"; };
		607FACD01AFB9204008FA782 /* IDMFoundation_Example.app */ = {isa = PBXFileReference; explicitFileType = wrapper.application; includeInIndex = 0; path = IDMFoundation_Example.app; sourceTree = BUILT_PRODUCTS_DIR; };
		607FACD41AFB9204008FA782 /* Info.plist */ = {isa = PBXFileReference; lastKnownFileType = text.plist.xml; path = Info.plist; sourceTree = "<group>"; };
		607FACD51AFB9204008FA782 /* AppDelegate.swift */ = {isa = PBXFileReference; lastKnownFileType = sourcecode.swift; path = AppDelegate.swift; sourceTree = "<group>"; };
		607FACDC1AFB9204008FA782 /* Images.xcassets */ = {isa = PBXFileReference; lastKnownFileType = folder.assetcatalog; path = Images.xcassets; sourceTree = "<group>"; };
		607FACDF1AFB9204008FA782 /* Base */ = {isa = PBXFileReference; lastKnownFileType = file.xib; name = Base; path = Base.lproj/LaunchScreen.xib; sourceTree = "<group>"; };
		607FACEA1AFB9204008FA782 /* Info.plist */ = {isa = PBXFileReference; lastKnownFileType = text.plist.xml; path = Info.plist; sourceTree = "<group>"; };
		607FACEB1AFB9204008FA782 /* Tests.swift */ = {isa = PBXFileReference; lastKnownFileType = sourcecode.swift; path = Tests.swift; sourceTree = "<group>"; };
		7BB7E05AA47704F636DD18F0 /* Pods_IDMFoundation_Example.framework */ = {isa = PBXFileReference; explicitFileType = wrapper.framework; includeInIndex = 0; path = Pods_IDMFoundation_Example.framework; sourceTree = BUILT_PRODUCTS_DIR; };
		AD9E06B31F22546509E88F5A /* LICENSE */ = {isa = PBXFileReference; includeInIndex = 1; lastKnownFileType = text; name = LICENSE; path = ../LICENSE; sourceTree = "<group>"; };
		D058E07D1D6DC4DAE3677F41 /* IDMFoundation.podspec */ = {isa = PBXFileReference; includeInIndex = 1; lastKnownFileType = text; name = IDMFoundation.podspec; path = ../IDMFoundation.podspec; sourceTree = "<group>"; xcLanguageSpecificationIdentifier = xcode.lang.ruby; };
		F2843532D7DFB86A3D5048AF /* README.md */ = {isa = PBXFileReference; includeInIndex = 1; lastKnownFileType = net.daringfireball.markdown; name = README.md; path = ../README.md; sourceTree = "<group>"; };
/* End PBXFileReference section */

/* Begin PBXFrameworksBuildPhase section */
		607FACCD1AFB9204008FA782 /* Frameworks */ = {
			isa = PBXFrameworksBuildPhase;
			buildActionMask = 2147483647;
			files = (
				77D4048CA107A00FBA8FADA0 /* Pods_IDMFoundation_Example.framework in Frameworks */,
			);
			runOnlyForDeploymentPostprocessing = 0;
		};
/* End PBXFrameworksBuildPhase section */

/* Begin PBXGroup section */
		0A5A08C721FDAB05009D7309 /* Modules */ = {
			isa = PBXGroup;
			children = (
				0A75F07F222AD47A0062D85A /* Main */,
				0A75F097222AD6600062D85A /* SearchUser */,
			);
			name = Modules;
			sourceTree = "<group>";
		};
		0A75EF83222A89AD0062D85A /* Test */ = {
			isa = PBXGroup;
			children = (
				0A75EF94222A8A520062D85A /* Services.swift */,
			);
			path = Test;
			sourceTree = "<group>";
		};
		0A75F07F222AD47A0062D85A /* Main */ = {
			isa = PBXGroup;
			children = (
				0A75F091222AD4AB0062D85A /* InOut */,
				0A75F093222AD4BA0062D85A /* Interface */,
				0A75F090222AD49F0062D85A /* Presentation */,
				0A75F092222AD4B30062D85A /* View */,
			);
			path = Main;
			sourceTree = "<group>";
		};
		0A75F090222AD49F0062D85A /* Presentation */ = {
			isa = PBXGroup;
			children = (
				0A75F080222AD48F0062D85A /* MainPresenter.swift */,
				0A75F082222AD48F0062D85A /* MainViewController.swift */,
			);
			path = Presentation;
			sourceTree = "<group>";
		};
		0A75F091222AD4AB0062D85A /* InOut */ = {
			isa = PBXGroup;
			children = (
				0A75F081222AD48F0062D85A /* MainRouter.swift */,
				0A75F084222AD48F0062D85A /* MainBuilder.swift */,
			);
			path = InOut;
			sourceTree = "<group>";
		};
		0A75F092222AD4B30062D85A /* View */ = {
			isa = PBXGroup;
			children = (
				0A75F086222AD48F0062D85A /* MainView.swift */,
				0A75F094222AD5B20062D85A /* MainView.xib */,
			);
			path = View;
			sourceTree = "<group>";
		};
		0A75F093222AD4BA0062D85A /* Interface */ = {
			isa = PBXGroup;
			children = (
				0A75F083222AD48F0062D85A /* MainProtocols.swift */,
				0A75F085222AD48F0062D85A /* MainExtensions.swift */,
			);
			path = Interface;
			sourceTree = "<group>";
		};
		0A75F097222AD6600062D85A /* SearchUser */ = {
			isa = PBXGroup;
			children = (
				0A75F09A222AD6CE0062D85A /* InOut */,
				0A75F09B222AD6DB0062D85A /* Interface */,
				0A75F098222AD6AC0062D85A /* Presentation */,
				0A75F099222AD6BC0062D85A /* View */,
			);
			path = SearchUser;
			sourceTree = "<group>";
		};
		0A75F098222AD6AC0062D85A /* Presentation */ = {
			isa = PBXGroup;
			children = (
				0AE85127224A7968000C92F9 /* SearchUserInternalActions.swift */,
				0A5A08BF21FDAADC009D7309 /* SearchUserPresenter.swift */,
				0A5A08C121FDAADC009D7309 /* SearchUserViewController.swift */,
			);
			path = Presentation;
			sourceTree = "<group>";
		};
		0A75F099222AD6BC0062D85A /* View */ = {
			isa = PBXGroup;
			children = (
				0A1A86F522507CA7002225DA /* SearchUserNavigationView.swift */,
				0A1A28242203E3BF000C264D /* SearchUserArrayController.swift */,
				0A1A28262203E3F3000C264D /* SearchUserTableViewCell.swift */,
				0A75EF81222A80150062D85A /* SearchUserTableViewCell.xib */,
				0A3A113A222843220007C0EE /* SearchUserView.swift */,
				0A3A113C2228EF850007C0EE /* SearchUserView.xib */,
			);
			path = View;
			sourceTree = "<group>";
		};
		0A75F09A222AD6CE0062D85A /* InOut */ = {
			isa = PBXGroup;
			children = (
				0A5A08C021FDAADC009D7309 /* SearchUserRouter.swift */,
				0A5A08DF21FDAD90009D7309 /* SearchUserBuilder.swift */,
				0AC911C6224352CF00B9FD24 /* SearchUserExternalActions.swift */,
			);
			path = InOut;
			sourceTree = "<group>";
		};
		0A75F09B222AD6DB0062D85A /* Interface */ = {
			isa = PBXGroup;
			children = (
				0A1A282B2204814D000C264D /* SearchUserExtensions.swift */,
				0A5A08E521FDB3E8009D7309 /* SearchUserProtocols.swift */,
			);
			path = Interface;
			sourceTree = "<group>";
		};
		0AC911C82243543900B9FD24 /* Shared */ = {
			isa = PBXGroup;
			children = (
				0A5A08AE21FDA711009D7309 /* GitHubEndpoint.swift */,
				0A5A08B021FDA7BA009D7309 /* NetworkRoutes.swift */,
				0A5A08EA21FDB876009D7309 /* UIViewController++.swift */,
				0A1A27D222028C71000C264D /* Network++.swift */,
			);
			path = Shared;
			sourceTree = "<group>";
		};
		0AC911C92243545900B9FD24 /* Models */ = {
			isa = PBXGroup;
			children = (
				0A5A08EF21FDC256009D7309 /* SearchUserModel.swift */,
			);
			path = Models;
			sourceTree = "<group>";
		};
		0AC911CB2243547100B9FD24 /* Integrators */ = {
			isa = PBXGroup;
			children = (
				0AC911CC2243548500B9FD24 /* SearchUser */,
			);
			path = Integrators;
			sourceTree = "<group>";
		};
		0AC911CC2243548500B9FD24 /* SearchUser */ = {
			isa = PBXGroup;
			children = (
				0A5A08B221FDA847009D7309 /* SearchUserMapper.swift */,
				0A5A08B321FDA847009D7309 /* SearchUserIntegrating.swift */,
				0A5A08B421FDA847009D7309 /* SearchUserDefinitions.swift */,
				0A5A08B521FDA847009D7309 /* SearchUserDataProvider.swift */,
				0A5A08B621FDA847009D7309 /* SearchUserIntegratorFactory.swift */,
			);
			path = SearchUser;
			sourceTree = "<group>";
		};
		607FACC71AFB9204008FA782 = {
			isa = PBXGroup;
			children = (
				607FACF51AFB993E008FA782 /* Podspec Metadata */,
				607FACD21AFB9204008FA782 /* Example for IDMFoundation */,
				607FACE81AFB9204008FA782 /* Tests */,
				607FACD11AFB9204008FA782 /* Products */,
				F6833BA24AC0EFB53A9379D5 /* Pods */,
				CA6668982501227FB0FAD801 /* Frameworks */,
			);
			sourceTree = "<group>";
		};
		607FACD11AFB9204008FA782 /* Products */ = {
			isa = PBXGroup;
			children = (
				607FACD01AFB9204008FA782 /* IDMFoundation_Example.app */,
			);
			name = Products;
			sourceTree = "<group>";
		};
		607FACD21AFB9204008FA782 /* Example for IDMFoundation */ = {
			isa = PBXGroup;
			children = (
				0AC911CB2243547100B9FD24 /* Integrators */,
				0AC911C92243545900B9FD24 /* Models */,
				0AC911C82243543900B9FD24 /* Shared */,
				0A75EF83222A89AD0062D85A /* Test */,
				607FACD51AFB9204008FA782 /* AppDelegate.swift */,
				0A5A08C721FDAB05009D7309 /* Modules */,
				607FACDC1AFB9204008FA782 /* Images.xcassets */,
				607FACDE1AFB9204008FA782 /* LaunchScreen.xib */,
				607FACD31AFB9204008FA782 /* Supporting Files */,
			);
			name = "Example for IDMFoundation";
			path = IDMFoundation;
			sourceTree = "<group>";
		};
		607FACD31AFB9204008FA782 /* Supporting Files */ = {
			isa = PBXGroup;
			children = (
				607FACD41AFB9204008FA782 /* Info.plist */,
			);
			name = "Supporting Files";
			sourceTree = "<group>";
		};
		607FACE81AFB9204008FA782 /* Tests */ = {
			isa = PBXGroup;
			children = (
				607FACEB1AFB9204008FA782 /* Tests.swift */,
				607FACE91AFB9204008FA782 /* Supporting Files */,
			);
			path = Tests;
			sourceTree = "<group>";
		};
		607FACE91AFB9204008FA782 /* Supporting Files */ = {
			isa = PBXGroup;
			children = (
				607FACEA1AFB9204008FA782 /* Info.plist */,
			);
			name = "Supporting Files";
			sourceTree = "<group>";
		};
		607FACF51AFB993E008FA782 /* Podspec Metadata */ = {
			isa = PBXGroup;
			children = (
				D058E07D1D6DC4DAE3677F41 /* IDMFoundation.podspec */,
				203487B72077D8CB0033D4FA /* CHANGELOG.md */,
				F2843532D7DFB86A3D5048AF /* README.md */,
				AD9E06B31F22546509E88F5A /* LICENSE */,
			);
			name = "Podspec Metadata";
			sourceTree = "<group>";
		};
		CA6668982501227FB0FAD801 /* Frameworks */ = {
			isa = PBXGroup;
			children = (
				7BB7E05AA47704F636DD18F0 /* Pods_IDMFoundation_Example.framework */,
			);
			name = Frameworks;
			sourceTree = "<group>";
		};
		F6833BA24AC0EFB53A9379D5 /* Pods */ = {
			isa = PBXGroup;
			children = (
				461D6D91D16FEB4BF94A18B1 /* Pods-IDMFoundation_Example.debug.xcconfig */,
				2110C647574A8E665A44A819 /* Pods-IDMFoundation_Example.release.xcconfig */,
			);
			path = Pods;
			sourceTree = "<group>";
		};
/* End PBXGroup section */

/* Begin PBXNativeTarget section */
		607FACCF1AFB9204008FA782 /* IDMFoundation_Example */ = {
			isa = PBXNativeTarget;
			buildConfigurationList = 607FACEF1AFB9204008FA782 /* Build configuration list for PBXNativeTarget "IDMFoundation_Example" */;
			buildPhases = (
				FCD8D0D3EAD1FA68080136C0 /* [CP] Check Pods Manifest.lock */,
				607FACCC1AFB9204008FA782 /* Sources */,
				607FACCD1AFB9204008FA782 /* Frameworks */,
				607FACCE1AFB9204008FA782 /* Resources */,
				7901B9EB84E0B15452381CAE /* [CP] Embed Pods Frameworks */,
			);
			buildRules = (
			);
			dependencies = (
			);
			name = IDMFoundation_Example;
			productName = IDMFoundation;
			productReference = 607FACD01AFB9204008FA782 /* IDMFoundation_Example.app */;
			productType = "com.apple.product-type.application";
		};
/* End PBXNativeTarget section */

/* Begin PBXProject section */
		607FACC81AFB9204008FA782 /* Project object */ = {
			isa = PBXProject;
			attributes = {
				LastSwiftUpdateCheck = 0830;
				LastUpgradeCheck = 1020;
				ORGANIZATIONNAME = CocoaPods;
				TargetAttributes = {
					607FACCF1AFB9204008FA782 = {
						CreatedOnToolsVersion = 6.3.1;
						DevelopmentTeam = GN2TJJDQ3F;
						LastSwiftMigration = 0900;
					};
				};
			};
			buildConfigurationList = 607FACCB1AFB9204008FA782 /* Build configuration list for PBXProject "IDMFoundation" */;
			compatibilityVersion = "Xcode 3.2";
			developmentRegion = en;
			hasScannedForEncodings = 0;
			knownRegions = (
				en,
				Base,
			);
			mainGroup = 607FACC71AFB9204008FA782;
			productRefGroup = 607FACD11AFB9204008FA782 /* Products */;
			projectDirPath = "";
			projectRoot = "";
			targets = (
				607FACCF1AFB9204008FA782 /* IDMFoundation_Example */,
			);
		};
/* End PBXProject section */

/* Begin PBXResourcesBuildPhase section */
		607FACCE1AFB9204008FA782 /* Resources */ = {
			isa = PBXResourcesBuildPhase;
			buildActionMask = 2147483647;
			files = (
				203487B82077D8CB0033D4FA /* CHANGELOG.md in Resources */,
				607FACE01AFB9204008FA782 /* LaunchScreen.xib in Resources */,
				0A75EF82222A80150062D85A /* SearchUserTableViewCell.xib in Resources */,
				0A3A113D2228EF850007C0EE /* SearchUserView.xib in Resources */,
				0A75F095222AD5B20062D85A /* MainView.xib in Resources */,
				607FACDD1AFB9204008FA782 /* Images.xcassets in Resources */,
			);
			runOnlyForDeploymentPostprocessing = 0;
		};
/* End PBXResourcesBuildPhase section */

/* Begin PBXShellScriptBuildPhase section */
		7901B9EB84E0B15452381CAE /* [CP] Embed Pods Frameworks */ = {
			isa = PBXShellScriptBuildPhase;
			buildActionMask = 2147483647;
			files = (
			);
			inputPaths = (
				"${PODS_ROOT}/Target Support Files/Pods-IDMFoundation_Example/Pods-IDMFoundation_Example-frameworks.sh",
				"${BUILT_PRODUCTS_DIR}/Alamofire/Alamofire.framework",
				"${BUILT_PRODUCTS_DIR}/IDMCore/IDMCore.framework",
				"${BUILT_PRODUCTS_DIR}/IDMFoundation/IDMFoundation.framework",
				"${BUILT_PRODUCTS_DIR}/Localize-Swift/Localize_Swift.framework",
				"${BUILT_PRODUCTS_DIR}/MBProgressHUD/MBProgressHUD.framework",
				"${BUILT_PRODUCTS_DIR}/ModuleX/ModuleX.framework",
				"${BUILT_PRODUCTS_DIR}/ObjectMapper/ObjectMapper.framework",
				"${BUILT_PRODUCTS_DIR}/SDWebImage/SDWebImage.framework",
				"${BUILT_PRODUCTS_DIR}/SiFUtilities/SiFUtilities.framework",
				"${BUILT_PRODUCTS_DIR}/ViewStateCore/ViewStateCore.framework",
			);
			name = "[CP] Embed Pods Frameworks";
			outputPaths = (
				"${TARGET_BUILD_DIR}/${FRAMEWORKS_FOLDER_PATH}/Alamofire.framework",
				"${TARGET_BUILD_DIR}/${FRAMEWORKS_FOLDER_PATH}/IDMCore.framework",
				"${TARGET_BUILD_DIR}/${FRAMEWORKS_FOLDER_PATH}/IDMFoundation.framework",
				"${TARGET_BUILD_DIR}/${FRAMEWORKS_FOLDER_PATH}/Localize_Swift.framework",
				"${TARGET_BUILD_DIR}/${FRAMEWORKS_FOLDER_PATH}/MBProgressHUD.framework",
				"${TARGET_BUILD_DIR}/${FRAMEWORKS_FOLDER_PATH}/ModuleX.framework",
				"${TARGET_BUILD_DIR}/${FRAMEWORKS_FOLDER_PATH}/ObjectMapper.framework",
				"${TARGET_BUILD_DIR}/${FRAMEWORKS_FOLDER_PATH}/SDWebImage.framework",
				"${TARGET_BUILD_DIR}/${FRAMEWORKS_FOLDER_PATH}/SiFUtilities.framework",
				"${TARGET_BUILD_DIR}/${FRAMEWORKS_FOLDER_PATH}/ViewStateCore.framework",
			);
			runOnlyForDeploymentPostprocessing = 0;
			shellPath = /bin/sh;
			shellScript = "\"${PODS_ROOT}/Target Support Files/Pods-IDMFoundation_Example/Pods-IDMFoundation_Example-frameworks.sh\"\n";
			showEnvVarsInLog = 0;
		};
		FCD8D0D3EAD1FA68080136C0 /* [CP] Check Pods Manifest.lock */ = {
			isa = PBXShellScriptBuildPhase;
			buildActionMask = 2147483647;
			files = (
			);
			inputFileListPaths = (
			);
			inputPaths = (
				"${PODS_PODFILE_DIR_PATH}/Podfile.lock",
				"${PODS_ROOT}/Manifest.lock",
			);
			name = "[CP] Check Pods Manifest.lock";
			outputFileListPaths = (
			);
			outputPaths = (
				"$(DERIVED_FILE_DIR)/Pods-IDMFoundation_Example-checkManifestLockResult.txt",
			);
			runOnlyForDeploymentPostprocessing = 0;
			shellPath = /bin/sh;
			shellScript = "diff \"${PODS_PODFILE_DIR_PATH}/Podfile.lock\" \"${PODS_ROOT}/Manifest.lock\" > /dev/null\nif [ $? != 0 ] ; then\n    # print error to STDERR\n    echo \"error: The sandbox is not in sync with the Podfile.lock. Run 'pod install' or update your CocoaPods installation.\" >&2\n    exit 1\nfi\n# This output is used by Xcode 'outputs' to avoid re-running this script phase.\necho \"SUCCESS\" > \"${SCRIPT_OUTPUT_FILE_0}\"\n";
			showEnvVarsInLog = 0;
		};
/* End PBXShellScriptBuildPhase section */

/* Begin PBXSourcesBuildPhase section */
		607FACCC1AFB9204008FA782 /* Sources */ = {
			isa = PBXSourcesBuildPhase;
			buildActionMask = 2147483647;
			files = (
				0A5A08E621FDB3E8009D7309 /* SearchUserProtocols.swift in Sources */,
				0A5A08B121FDA7BA009D7309 /* NetworkRoutes.swift in Sources */,
				0A1A28252203E3BF000C264D /* SearchUserArrayController.swift in Sources */,
				0A75F088222AD48F0062D85A /* MainPresenter.swift in Sources */,
				0A5A08C521FDAADC009D7309 /* SearchUserViewController.swift in Sources */,
				0A75F08B222AD48F0062D85A /* MainProtocols.swift in Sources */,
				0AC911C7224352CF00B9FD24 /* SearchUserExternalActions.swift in Sources */,
				0A5A08BA21FDA847009D7309 /* SearchUserDataProvider.swift in Sources */,
				0A5A08C321FDAADC009D7309 /* SearchUserPresenter.swift in Sources */,
				0A5A08B821FDA847009D7309 /* SearchUserIntegrating.swift in Sources */,
				0A75EF95222A8A520062D85A /* Services.swift in Sources */,
				0A75F08A222AD48F0062D85A /* MainViewController.swift in Sources */,
				0A1A27D322028C71000C264D /* Network++.swift in Sources */,
				0A5A08E021FDAD90009D7309 /* SearchUserBuilder.swift in Sources */,
				0A75F08D222AD48F0062D85A /* MainExtensions.swift in Sources */,
				607FACD61AFB9204008FA782 /* AppDelegate.swift in Sources */,
				0A75F089222AD48F0062D85A /* MainRouter.swift in Sources */,
				0A5A08AF21FDA711009D7309 /* GitHubEndpoint.swift in Sources */,
				0A75F08E222AD48F0062D85A /* MainView.swift in Sources */,
				0A5A08B721FDA847009D7309 /* SearchUserMapper.swift in Sources */,
				0A75F08C222AD48F0062D85A /* MainBuilder.swift in Sources */,
				0A5A08C421FDAADC009D7309 /* SearchUserRouter.swift in Sources */,
				0A1A282C2204814D000C264D /* SearchUserExtensions.swift in Sources */,
				0A3A113B222843220007C0EE /* SearchUserView.swift in Sources */,
				0A5A08F021FDC256009D7309 /* SearchUserModel.swift in Sources */,
				0A1A86F622507CA8002225DA /* SearchUserNavigationView.swift in Sources */,
				0A5A08BB21FDA847009D7309 /* SearchUserIntegratorFactory.swift in Sources */,
				0A1A28272203E3F3000C264D /* SearchUserTableViewCell.swift in Sources */,
				0A5A08B921FDA847009D7309 /* SearchUserDefinitions.swift in Sources */,
				0A5A08EB21FDB876009D7309 /* UIViewController++.swift in Sources */,
				0AE85128224A7968000C92F9 /* SearchUserInternalActions.swift in Sources */,
			);
			runOnlyForDeploymentPostprocessing = 0;
		};
/* End PBXSourcesBuildPhase section */

/* Begin PBXVariantGroup section */
		607FACDE1AFB9204008FA782 /* LaunchScreen.xib */ = {
			isa = PBXVariantGroup;
			children = (
				607FACDF1AFB9204008FA782 /* Base */,
			);
			name = LaunchScreen.xib;
			sourceTree = "<group>";
		};
/* End PBXVariantGroup section */

/* Begin XCBuildConfiguration section */
		607FACED1AFB9204008FA782 /* Debug */ = {
			isa = XCBuildConfiguration;
			buildSettings = {
				ALWAYS_SEARCH_USER_PATHS = NO;
				CLANG_ANALYZER_LOCALIZABILITY_NONLOCALIZED = YES;
				CLANG_CXX_LANGUAGE_STANDARD = "gnu++0x";
				CLANG_CXX_LIBRARY = "libc++";
				CLANG_ENABLE_MODULES = YES;
				CLANG_ENABLE_OBJC_ARC = YES;
				CLANG_WARN_BLOCK_CAPTURE_AUTORELEASING = YES;
				CLANG_WARN_BOOL_CONVERSION = YES;
				CLANG_WARN_COMMA = YES;
				CLANG_WARN_CONSTANT_CONVERSION = YES;
				CLANG_WARN_DEPRECATED_OBJC_IMPLEMENTATIONS = YES;
				CLANG_WARN_DIRECT_OBJC_ISA_USAGE = YES_ERROR;
				CLANG_WARN_EMPTY_BODY = YES;
				CLANG_WARN_ENUM_CONVERSION = YES;
				CLANG_WARN_INFINITE_RECURSION = YES;
				CLANG_WARN_INT_CONVERSION = YES;
				CLANG_WARN_NON_LITERAL_NULL_CONVERSION = YES;
				CLANG_WARN_OBJC_IMPLICIT_RETAIN_SELF = YES;
				CLANG_WARN_OBJC_LITERAL_CONVERSION = YES;
				CLANG_WARN_OBJC_ROOT_CLASS = YES_ERROR;
				CLANG_WARN_RANGE_LOOP_ANALYSIS = YES;
				CLANG_WARN_STRICT_PROTOTYPES = YES;
				CLANG_WARN_SUSPICIOUS_MOVE = YES;
				CLANG_WARN_UNREACHABLE_CODE = YES;
				CLANG_WARN__DUPLICATE_METHOD_MATCH = YES;
				"CODE_SIGN_IDENTITY[sdk=iphoneos*]" = "iPhone Developer";
				COPY_PHASE_STRIP = NO;
				DEBUG_INFORMATION_FORMAT = "dwarf-with-dsym";
				ENABLE_STRICT_OBJC_MSGSEND = YES;
				ENABLE_TESTABILITY = YES;
				GCC_C_LANGUAGE_STANDARD = gnu99;
				GCC_DYNAMIC_NO_PIC = NO;
				GCC_NO_COMMON_BLOCKS = YES;
				GCC_OPTIMIZATION_LEVEL = 0;
				GCC_PREPROCESSOR_DEFINITIONS = (
					"DEBUG=1",
					"$(inherited)",
				);
				GCC_SYMBOLS_PRIVATE_EXTERN = NO;
				GCC_WARN_64_TO_32_BIT_CONVERSION = YES;
				GCC_WARN_ABOUT_RETURN_TYPE = YES_ERROR;
				GCC_WARN_UNDECLARED_SELECTOR = YES;
				GCC_WARN_UNINITIALIZED_AUTOS = YES_AGGRESSIVE;
				GCC_WARN_UNUSED_FUNCTION = YES;
				GCC_WARN_UNUSED_VARIABLE = YES;
				IPHONEOS_DEPLOYMENT_TARGET = 9.3;
				MTL_ENABLE_DEBUG_INFO = YES;
				ONLY_ACTIVE_ARCH = YES;
				SDKROOT = iphoneos;
				SWIFT_OPTIMIZATION_LEVEL = "-Onone";
			};
			name = Debug;
		};
		607FACEE1AFB9204008FA782 /* Release */ = {
			isa = XCBuildConfiguration;
			buildSettings = {
				ALWAYS_SEARCH_USER_PATHS = NO;
				CLANG_ANALYZER_LOCALIZABILITY_NONLOCALIZED = YES;
				CLANG_CXX_LANGUAGE_STANDARD = "gnu++0x";
				CLANG_CXX_LIBRARY = "libc++";
				CLANG_ENABLE_MODULES = YES;
				CLANG_ENABLE_OBJC_ARC = YES;
				CLANG_WARN_BLOCK_CAPTURE_AUTORELEASING = YES;
				CLANG_WARN_BOOL_CONVERSION = YES;
				CLANG_WARN_COMMA = YES;
				CLANG_WARN_CONSTANT_CONVERSION = YES;
				CLANG_WARN_DEPRECATED_OBJC_IMPLEMENTATIONS = YES;
				CLANG_WARN_DIRECT_OBJC_ISA_USAGE = YES_ERROR;
				CLANG_WARN_EMPTY_BODY = YES;
				CLANG_WARN_ENUM_CONVERSION = YES;
				CLANG_WARN_INFINITE_RECURSION = YES;
				CLANG_WARN_INT_CONVERSION = YES;
				CLANG_WARN_NON_LITERAL_NULL_CONVERSION = YES;
				CLANG_WARN_OBJC_IMPLICIT_RETAIN_SELF = YES;
				CLANG_WARN_OBJC_LITERAL_CONVERSION = YES;
				CLANG_WARN_OBJC_ROOT_CLASS = YES_ERROR;
				CLANG_WARN_RANGE_LOOP_ANALYSIS = YES;
				CLANG_WARN_STRICT_PROTOTYPES = YES;
				CLANG_WARN_SUSPICIOUS_MOVE = YES;
				CLANG_WARN_UNREACHABLE_CODE = YES;
				CLANG_WARN__DUPLICATE_METHOD_MATCH = YES;
				"CODE_SIGN_IDENTITY[sdk=iphoneos*]" = "iPhone Developer";
				COPY_PHASE_STRIP = NO;
				DEBUG_INFORMATION_FORMAT = "dwarf-with-dsym";
				ENABLE_NS_ASSERTIONS = NO;
				ENABLE_STRICT_OBJC_MSGSEND = YES;
				GCC_C_LANGUAGE_STANDARD = gnu99;
				GCC_NO_COMMON_BLOCKS = YES;
				GCC_WARN_64_TO_32_BIT_CONVERSION = YES;
				GCC_WARN_ABOUT_RETURN_TYPE = YES_ERROR;
				GCC_WARN_UNDECLARED_SELECTOR = YES;
				GCC_WARN_UNINITIALIZED_AUTOS = YES_AGGRESSIVE;
				GCC_WARN_UNUSED_FUNCTION = YES;
				GCC_WARN_UNUSED_VARIABLE = YES;
				IPHONEOS_DEPLOYMENT_TARGET = 9.3;
				MTL_ENABLE_DEBUG_INFO = NO;
				SDKROOT = iphoneos;
				SWIFT_OPTIMIZATION_LEVEL = "-Owholemodule";
				VALIDATE_PRODUCT = YES;
			};
			name = Release;
		};
		607FACF01AFB9204008FA782 /* Debug */ = {
			isa = XCBuildConfiguration;
			baseConfigurationReference = 461D6D91D16FEB4BF94A18B1 /* Pods-IDMFoundation_Example.debug.xcconfig */;
			buildSettings = {
				ASSETCATALOG_COMPILER_APPICON_NAME = AppIcon;
				DEVELOPMENT_TEAM = GN2TJJDQ3F;
				INFOPLIST_FILE = IDMFoundation/Info.plist;
				LD_RUNPATH_SEARCH_PATHS = "$(inherited) @executable_path/Frameworks";
				MODULE_NAME = ExampleApp;
				PRODUCT_BUNDLE_IDENTIFIER = "org.cocoapods.demo.$(PRODUCT_NAME:rfc1034identifier)";
				PRODUCT_NAME = "$(TARGET_NAME)";
				SWIFT_SWIFT3_OBJC_INFERENCE = Default;
				SWIFT_VERSION = 4.2;
			};
			name = Debug;
		};
		607FACF11AFB9204008FA782 /* Release */ = {
			isa = XCBuildConfiguration;
			baseConfigurationReference = 2110C647574A8E665A44A819 /* Pods-IDMFoundation_Example.release.xcconfig */;
			buildSettings = {
				ASSETCATALOG_COMPILER_APPICON_NAME = AppIcon;
				DEVELOPMENT_TEAM = GN2TJJDQ3F;
				INFOPLIST_FILE = IDMFoundation/Info.plist;
				LD_RUNPATH_SEARCH_PATHS = "$(inherited) @executable_path/Frameworks";
				MODULE_NAME = ExampleApp;
				PRODUCT_BUNDLE_IDENTIFIER = "org.cocoapods.demo.$(PRODUCT_NAME:rfc1034identifier)";
				PRODUCT_NAME = "$(TARGET_NAME)";
				SWIFT_SWIFT3_OBJC_INFERENCE = Default;
				SWIFT_VERSION = 4.2;
			};
			name = Release;
		};
/* End XCBuildConfiguration section */

/* Begin XCConfigurationList section */
		607FACCB1AFB9204008FA782 /* Build configuration list for PBXProject "IDMFoundation" */ = {
			isa = XCConfigurationList;
			buildConfigurations = (
				607FACED1AFB9204008FA782 /* Debug */,
				607FACEE1AFB9204008FA782 /* Release */,
			);
			defaultConfigurationIsVisible = 0;
			defaultConfigurationName = Release;
		};
		607FACEF1AFB9204008FA782 /* Build configuration list for PBXNativeTarget "IDMFoundation_Example" */ = {
			isa = XCConfigurationList;
			buildConfigurations = (
				607FACF01AFB9204008FA782 /* Debug */,
				607FACF11AFB9204008FA782 /* Release */,
			);
			defaultConfigurationIsVisible = 0;
			defaultConfigurationName = Release;
		};
/* End XCConfigurationList section */
	};
	rootObject = 607FACC81AFB9204008FA782 /* Project object */;
}
